
Microsoft Visual Studio Solution File, Format Version 12.00
# Visual Studio Version 16
VisualStudioVersion = 16.0.30114.105
MinimumVisualStudioVersion = 10.0.40219.1
Project("{8BC9CEB8-8B4A-11D0-8D11-00A0C91BC942}") = "Project1", "Project1\Project1.vcxproj", "{02CAF3D3-C8D3-462E-A732-1EAF511AAF6E}"
EndProject
Global
	GlobalSection(SolutionConfigurationPlatforms) = preSolution
		Debug|x64 = Debug|x64
		Debug|x86 = Debug|x86
		Release|x64 = Release|x64
		Release|x86 = Release|x86
	EndGlobalSection
	GlobalSection(ProjectConfigurationPlatforms) = postSolution
		{02CAF3D3-C8D3-462E-A732-1EAF511AAF6E}.Debug|x64.ActiveCfg = Debug|x64
		{02CAF3D3-C8D3-462E-A732-1EAF511AAF6E}.Debug|x64.Build.0 = Debug|x64
		{02CAF3D3-C8D3-462E-A732-1EAF511AAF6E}.Debug|x86.ActiveCfg = Debug|Win32
		{02CAF3D3-C8D3-462E-A732-1EAF511AAF6E}.Debug|x86.Build.0 = Debug|Win32
		{02CAF3D3-C8D3-462E-A732-1EAF511AAF6E}.Release|x64.ActiveCfg = Release|x64
		{02CAF3D3-C8D3-462E-A732-1EAF511AAF6E}.Release|x64.Build.0 = Release|x64
		{02CAF3D3-C8D3-462E-A732-1EAF511AAF6E}.Release|x86.ActiveCfg = Release|Win32
		{02CAF3D3-C8D3-462E-A732-1EAF511AAF6E}.Release|x86.Build.0 = Release|Win32
	EndGlobalSection
	GlobalSection(SolutionProperties) = preSolution
		HideSolutionNode = FALSE
	EndGlobalSection
	GlobalSection(ExtensibilityGlobals) = postSolution
		SolutionGuid = {B056FF52-1954-4EAE-88E8-D61670FD07E3}
	EndGlobalSection
EndGlobal
